
Microsoft Visual Studio Solution File, Format Version 12.00
# Visual Studio Version 16
VisualStudioVersion = 16.0.29215.179
MinimumVisualStudioVersion = 10.0.40219.1
Project("{FAE04EC0-301F-11D3-BF4B-00C04F79EFBC}") = "FinalProjectDraft", "FinalProjectDraft.csproj", "{EAC30975-A3A9-4938-B9A9-5D2794C6BD63}"
EndProject
Global
	GlobalSection(SolutionConfigurationPlatforms) = preSolution
		Debug|Any CPU = Debug|Any CPU
		Release|Any CPU = Release|Any CPU
	EndGlobalSection
	GlobalSection(ProjectConfigurationPlatforms) = postSolution
		{EAC30975-A3A9-4938-B9A9-5D2794C6BD63}.Debug|Any CPU.ActiveCfg = Debug|Any CPU
		{EAC30975-A3A9-4938-B9A9-5D2794C6BD63}.Debug|Any CPU.Build.0 = Debug|Any CPU
		{EAC30975-A3A9-4938-B9A9-5D2794C6BD63}.Release|Any CPU.ActiveCfg = Release|Any CPU
		{EAC30975-A3A9-4938-B9A9-5D2794C6BD63}.Release|Any CPU.Build.0 = Release|Any CPU
	EndGlobalSection
	GlobalSection(SolutionProperties) = preSolution
		HideSolutionNode = FALSE
	EndGlobalSection
	GlobalSection(ExtensibilityGlobals) = postSolution
		SolutionGuid = {CE2FD0DA-7CBC-4A00-AB46-07E17C6A08E6}
	EndGlobalSection
EndGlobal
