
Microsoft Visual Studio Solution File, Format Version 12.00
# Visual Studio Version 16
VisualStudioVersion = 16.0.29215.179
MinimumVisualStudioVersion = 10.0.40219.1
Project("{FAE04EC0-301F-11D3-BF4B-00C04F79EFBC}") = "CoreCrud", "CoreCrud.csproj", "{8743426B-7768-4B42-AE8C-B353D9784733}"
EndProject
Global
	GlobalSection(SolutionConfigurationPlatforms) = preSolution
		Debug|Any CPU = Debug|Any CPU
		Release|Any CPU = Release|Any CPU
	EndGlobalSection
	GlobalSection(ProjectConfigurationPlatforms) = postSolution
		{8743426B-7768-4B42-AE8C-B353D9784733}.Debug|Any CPU.ActiveCfg = Debug|Any CPU
		{8743426B-7768-4B42-AE8C-B353D9784733}.Debug|Any CPU.Build.0 = Debug|Any CPU
		{8743426B-7768-4B42-AE8C-B353D9784733}.Release|Any CPU.ActiveCfg = Release|Any CPU
		{8743426B-7768-4B42-AE8C-B353D9784733}.Release|Any CPU.Build.0 = Release|Any CPU
	EndGlobalSection
	GlobalSection(SolutionProperties) = preSolution
		HideSolutionNode = FALSE
	EndGlobalSection
	GlobalSection(ExtensibilityGlobals) = postSolution
		SolutionGuid = {6379A14E-54F6-4AA8-AAB9-B91AC4AEF393}
	EndGlobalSection
EndGlobal
